
Microsoft Visual Studio Solution File, Format Version 12.00
# Visual Studio Version 17
VisualStudioVersion = 17.8.34316.72
MinimumVisualStudioVersion = 10.0.40219.1
Project("{9A19103F-16F7-4668-BE54-9A1E7A4F7556}") = "DockMenuPro", "DockMenuPro\DockMenuPro.csproj", "{E0A6630A-86C3-434B-9BB7-67259DD317F4}"
EndProject
Global
	GlobalSection(SolutionConfigurationPlatforms) = preSolution
		Debug|Any CPU = Debug|Any CPU
		Release|Any CPU = Release|Any CPU
	EndGlobalSection
	GlobalSection(ProjectConfigurationPlatforms) = postSolution
		{E0A6630A-86C3-434B-9BB7-67259DD317F4}.Debug|Any CPU.ActiveCfg = Debug|Any CPU
		{E0A6630A-86C3-434B-9BB7-67259DD317F4}.Debug|Any CPU.Build.0 = Debug|Any CPU
		{E0A6630A-86C3-434B-9BB7-67259DD317F4}.Release|Any CPU.ActiveCfg = Release|Any CPU
		{E0A6630A-86C3-434B-9BB7-67259DD317F4}.Release|Any CPU.Build.0 = Release|Any CPU
	EndGlobalSection
	GlobalSection(SolutionProperties) = preSolution
		HideSolutionNode = FALSE
	EndGlobalSection
	GlobalSection(ExtensibilityGlobals) = postSolution
		SolutionGuid = {D05DDE91-2CB7-4F2D-B15F-27E9C6C2ECC1}
	EndGlobalSection
EndGlobal
